
Microsoft Visual Studio Solution File, Format Version 12.00
# Visual Studio Version 17
VisualStudioVersion = 17.9.34728.123
MinimumVisualStudioVersion = 10.0.40219.1
Project("{FAE04EC0-301F-11D3-BF4B-00C04F79EFBC}") = "guia bucles parte 3", "guia bucles parte 3\guia bucles parte 3.csproj", "{7850AC1D-090C-48EB-90F5-862AE98DC799}"
EndProject
Global
	GlobalSection(SolutionConfigurationPlatforms) = preSolution
		Debug|Any CPU = Debug|Any CPU
		Release|Any CPU = Release|Any CPU
	EndGlobalSection
	GlobalSection(ProjectConfigurationPlatforms) = postSolution
		{7850AC1D-090C-48EB-90F5-862AE98DC799}.Debug|Any CPU.ActiveCfg = Debug|Any CPU
		{7850AC1D-090C-48EB-90F5-862AE98DC799}.Debug|Any CPU.Build.0 = Debug|Any CPU
		{7850AC1D-090C-48EB-90F5-862AE98DC799}.Release|Any CPU.ActiveCfg = Release|Any CPU
		{7850AC1D-090C-48EB-90F5-862AE98DC799}.Release|Any CPU.Build.0 = Release|Any CPU
	EndGlobalSection
	GlobalSection(SolutionProperties) = preSolution
		HideSolutionNode = FALSE
	EndGlobalSection
	GlobalSection(ExtensibilityGlobals) = postSolution
		SolutionGuid = {26385EF2-B9AA-47B3-9C7A-9656E13079DF}
	EndGlobalSection
EndGlobal
